// !$*UTF8*$!
{
	archiveVersion = 1;
	classes = {
	};
	objectVersion = 56;
	objects = {

/* Begin PBXBuildFile section */
		AA23EC652C4AA7230063FB8D /* FilmsCollectionView.xib in Resources */ = {isa = PBXBuildFile; fileRef = AA23EC642C4AA7230063FB8D /* FilmsCollectionView.xib */; };
		AA23EC662C4AA7230063FB8D /* FilmsCollectionView.swift in Sources */ = {isa = PBXBuildFile; fileRef = AA23EC632C4AA7230063FB8D /* FilmsCollectionView.swift */; };
		AA23EC682C4DAE6E0063FB8D /* ReusableCellView.swift in Sources */ = {isa = PBXBuildFile; fileRef = AA23EC672C4DAE6E0063FB8D /* ReusableCellView.swift */; };
		AA3F04372C46B78F00B010D9 /* AppDelegate.swift in Sources */ = {isa = PBXBuildFile; fileRef = AA3F04362C46B78F00B010D9 /* AppDelegate.swift */; };
		AA3F04392C46B78F00B010D9 /* SceneDelegate.swift in Sources */ = {isa = PBXBuildFile; fileRef = AA3F04382C46B78F00B010D9 /* SceneDelegate.swift */; };
		AA3F043B2C46B78F00B010D9 /* ViewController.swift in Sources */ = {isa = PBXBuildFile; fileRef = AA3F043A2C46B78F00B010D9 /* ViewController.swift */; };
		AA3F043E2C46B78F00B010D9 /* Base in Resources */ = {isa = PBXBuildFile; fileRef = AA3F043D2C46B78F00B010D9 /* Base */; };
		AA3F04402C46B78F00B010D9 /* Assets.xcassets in Resources */ = {isa = PBXBuildFile; fileRef = AA3F043F2C46B78F00B010D9 /* Assets.xcassets */; };
		AA3F04432C46B78F00B010D9 /* Base in Resources */ = {isa = PBXBuildFile; fileRef = AA3F04422C46B78F00B010D9 /* Base */; };
/* End PBXBuildFile section */

/* Begin PBXFileReference section */
		AA23EC632C4AA7230063FB8D /* FilmsCollectionView.swift */ = {isa = PBXFileReference; lastKnownFileType = sourcecode.swift; path = FilmsCollectionView.swift; sourceTree = "<group>"; };
		AA23EC642C4AA7230063FB8D /* FilmsCollectionView.xib */ = {isa = PBXFileReference; lastKnownFileType = file.xib; path = FilmsCollectionView.xib; sourceTree = "<group>"; };
		AA23EC672C4DAE6E0063FB8D /* ReusableCellView.swift */ = {isa = PBXFileReference; lastKnownFileType = sourcecode.swift; path = ReusableCellView.swift; sourceTree = "<group>"; };
		AA3F04332C46B78F00B010D9 /* Div.app */ = {isa = PBXFileReference; explicitFileType = wrapper.application; includeInIndex = 0; path = Div.app; sourceTree = BUILT_PRODUCTS_DIR; };
		AA3F04362C46B78F00B010D9 /* AppDelegate.swift */ = {isa = PBXFileReference; lastKnownFileType = sourcecode.swift; path = AppDelegate.swift; sourceTree = "<group>"; };
		AA3F04382C46B78F00B010D9 /* SceneDelegate.swift */ = {isa = PBXFileReference; lastKnownFileType = sourcecode.swift; path = SceneDelegate.swift; sourceTree = "<group>"; };
		AA3F043A2C46B78F00B010D9 /* ViewController.swift */ = {isa = PBXFileReference; lastKnownFileType = sourcecode.swift; path = ViewController.swift; sourceTree = "<group>"; };
		AA3F043D2C46B78F00B010D9 /* Base */ = {isa = PBXFileReference; lastKnownFileType = file.storyboard; name = Base; path = Base.lproj/Main.storyboard; sourceTree = "<group>"; };
		AA3F043F2C46B78F00B010D9 /* Assets.xcassets */ = {isa = PBXFileReference; lastKnownFileType = folder.assetcatalog; path = Assets.xcassets; sourceTree = "<group>"; };
		AA3F04422C46B78F00B010D9 /* Base */ = {isa = PBXFileReference; lastKnownFileType = file.storyboard; name = Base; path = Base.lproj/LaunchScreen.storyboard; sourceTree = "<group>"; };
		AA3F04442C46B78F00B010D9 /* Info.plist */ = {isa = PBXFileReference; lastKnownFileType = text.plist.xml; path = Info.plist; sourceTree = "<group>"; };
/* End PBXFileReference section */

/* Begin PBXFrameworksBuildPhase section */
		AA3F04302C46B78F00B010D9 /* Frameworks */ = {
			isa = PBXFrameworksBuildPhase;
			buildActionMask = 2147483647;
			files = (
			);
			runOnlyForDeploymentPostprocessing = 0;
		};
/* End PBXFrameworksBuildPhase section */

/* Begin PBXGroup section */
		AA3F042A2C46B78F00B010D9 = {
			isa = PBXGroup;
			children = (
				AA3F04352C46B78F00B010D9 /* Div */,
				AA3F04342C46B78F00B010D9 /* Products */,
			);
			sourceTree = "<group>";
		};
		AA3F04342C46B78F00B010D9 /* Products */ = {
			isa = PBXGroup;
			children = (
				AA3F04332C46B78F00B010D9 /* Div.app */,
			);
			name = Products;
			sourceTree = "<group>";
		};
		AA3F04352C46B78F00B010D9 /* Div */ = {
			isa = PBXGroup;
			children = (
				AA3F04362C46B78F00B010D9 /* AppDelegate.swift */,
				AA3F04382C46B78F00B010D9 /* SceneDelegate.swift */,
				AA3F043A2C46B78F00B010D9 /* ViewController.swift */,
				AA23EC632C4AA7230063FB8D /* FilmsCollectionView.swift */,
				AA23EC672C4DAE6E0063FB8D /* ReusableCellView.swift */,
				AA23EC642C4AA7230063FB8D /* FilmsCollectionView.xib */,
				AA3F043C2C46B78F00B010D9 /* Main.storyboard */,
				AA3F043F2C46B78F00B010D9 /* Assets.xcassets */,
				AA3F04412C46B78F00B010D9 /* LaunchScreen.storyboard */,
				AA3F04442C46B78F00B010D9 /* Info.plist */,
			);
			path = Div;
			sourceTree = "<group>";
		};
/* End PBXGroup section */

/* Begin PBXNativeTarget section */
		AA3F04322C46B78F00B010D9 /* Div */ = {
			isa = PBXNativeTarget;
			buildConfigurationList = AA3F04472C46B78F00B010D9 /* Build configuration list for PBXNativeTarget "Div" */;
			buildPhases = (
				AA3F042F2C46B78F00B010D9 /* Sources */,
				AA3F04302C46B78F00B010D9 /* Frameworks */,
				AA3F04312C46B78F00B010D9 /* Resources */,
			);
			buildRules = (
			);
			dependencies = (
			);
			name = Div;
			productName = Div;
			productReference = AA3F04332C46B78F00B010D9 /* Div.app */;
			productType = "com.apple.product-type.application";
		};
/* End PBXNativeTarget section */

/* Begin PBXProject section */
		AA3F042B2C46B78F00B010D9 /* Project object */ = {
			isa = PBXProject;
			attributes = {
				BuildIndependentTargetsInParallel = 1;
				LastSwiftUpdateCheck = 1540;
				LastUpgradeCheck = 1540;
				TargetAttributes = {
					AA3F04322C46B78F00B010D9 = {
						CreatedOnToolsVersion = 15.4;
					};
				};
			};
			buildConfigurationList = AA3F042E2C46B78F00B010D9 /* Build configuration list for PBXProject "Div" */;
			compatibilityVersion = "Xcode 14.0";
			developmentRegion = en;
			hasScannedForEncodings = 0;
			knownRegions = (
				en,
				Base,
			);
			mainGroup = AA3F042A2C46B78F00B010D9;
			productRefGroup = AA3F04342C46B78F00B010D9 /* Products */;
			projectDirPath = "";
			projectRoot = "";
			targets = (
				AA3F04322C46B78F00B010D9 /* Div */,
			);
		};
/* End PBXProject section */

/* Begin PBXResourcesBuildPhase section */
		AA3F04312C46B78F00B010D9 /* Resources */ = {
			isa = PBXResourcesBuildPhase;
			buildActionMask = 2147483647;
			files = (
				AA3F04402C46B78F00B010D9 /* Assets.xcassets in Resources */,
				AA3F04432C46B78F00B010D9 /* Base in Resources */,
				AA23EC652C4AA7230063FB8D /* FilmsCollectionView.xib in Resources */,
				AA3F043E2C46B78F00B010D9 /* Base in Resources */,
			);
			runOnlyForDeploymentPostprocessing = 0;
		};
/* End PBXResourcesBuildPhase section */

/* Begin PBXSourcesBuildPhase section */
		AA3F042F2C46B78F00B010D9 /* Sources */ = {
			isa = PBXSourcesBuildPhase;
			buildActionMask = 2147483647;
			files = (
				AA23EC682C4DAE6E0063FB8D /* ReusableCellView.swift in Sources */,
				AA3F043B2C46B78F00B010D9 /* ViewController.swift in Sources */,
				AA3F04372C46B78F00B010D9 /* AppDelegate.swift in Sources */,
				AA23EC662C4AA7230063FB8D /* FilmsCollectionView.swift in Sources */,
				AA3F04392C46B78F00B010D9 /* SceneDelegate.swift in Sources */,
			);
			runOnlyForDeploymentPostprocessing = 0;
		};
/* End PBXSourcesBuildPhase section */

/* Begin PBXVariantGroup section */
		AA3F043C2C46B78F00B010D9 /* Main.storyboard */ = {
			isa = PBXVariantGroup;
			children = (
				AA3F043D2C46B78F00B010D9 /* Base */,
			);
			name = Main.storyboard;
			sourceTree = "<group>";
		};
		AA3F04412C46B78F00B010D9 /* LaunchScreen.storyboard */ = {
			isa = PBXVariantGroup;
			children = (
				AA3F04422C46B78F00B010D9 /* Base */,
			);
			name = LaunchScreen.storyboard;
			sourceTree = "<group>";
		};
/* End PBXVariantGroup section */

/* Begin XCBuildConfiguration section */
		AA3F04452C46B78F00B010D9 /* Debug */ = {
			isa = XCBuildConfiguration;
			buildSettings = {
				ALWAYS_SEARCH_USER_PATHS = NO;
				ASSETCATALOG_COMPILER_GENERATE_SWIFT_ASSET_SYMBOL_EXTENSIONS = YES;
				CLANG_ANALYZER_NONNULL = YES;
				CLANG_ANALYZER_NUMBER_OBJECT_CONVERSION = YES_AGGRESSIVE;
				CLANG_CXX_LANGUAGE_STANDARD = "gnu++20";
				CLANG_ENABLE_MODULES = YES;
				CLANG_ENABLE_OBJC_ARC = YES;
				CLANG_ENABLE_OBJC_WEAK = YES;
				CLANG_WARN_BLOCK_CAPTURE_AUTORELEASING = YES;
				CLANG_WARN_BOOL_CONVERSION = YES;
				CLANG_WARN_COMMA = YES;
				CLANG_WARN_CONSTANT_CONVERSION = YES;
				CLANG_WARN_DEPRECATED_OBJC_IMPLEMENTATIONS = YES;
				CLANG_WARN_DIRECT_OBJC_ISA_USAGE = YES_ERROR;
				CLANG_WARN_DOCUMENTATION_COMMENTS = YES;
				CLANG_WARN_EMPTY_BODY = YES;
				CLANG_WARN_ENUM_CONVERSION = YES;
				CLANG_WARN_INFINITE_RECURSION = YES;
				CLANG_WARN_INT_CONVERSION = YES;
				CLANG_WARN_NON_LITERAL_NULL_CONVERSION = YES;
				CLANG_WARN_OBJC_IMPLICIT_RETAIN_SELF = YES;
				CLANG_WARN_OBJC_LITERAL_CONVERSION = YES;
				CLANG_WARN_OBJC_ROOT_CLASS = YES_ERROR;
				CLANG_WARN_QUOTED_INCLUDE_IN_FRAMEWORK_HEADER = YES;
				CLANG_WARN_RANGE_LOOP_ANALYSIS = YES;
				CLANG_WARN_STRICT_PROTOTYPES = YES;
				CLANG_WARN_SUSPICIOUS_MOVE = YES;
				CLANG_WARN_UNGUARDED_AVAILABILITY = YES_AGGRESSIVE;
				CLANG_WARN_UNREACHABLE_CODE = YES;
				CLANG_WARN__DUPLICATE_METHOD_MATCH = YES;
				COPY_PHASE_STRIP = NO;
				DEBUG_INFORMATION_FORMAT = dwarf;
				ENABLE_STRICT_OBJC_MSGSEND = YES;
				ENABLE_TESTABILITY = YES;
				ENABLE_USER_SCRIPT_SANDBOXING = YES;
				GCC_C_LANGUAGE_STANDARD = gnu17;
				GCC_DYNAMIC_NO_PIC = NO;
				GCC_NO_COMMON_BLOCKS = YES;
				GCC_OPTIMIZATION_LEVEL = 0;
				GCC_PREPROCESSOR_DEFINITIONS = (
					"DEBUG=1",
					"$(inherited)",
				);
				GCC_WARN_64_TO_32_BIT_CONVERSION = YES;
				GCC_WARN_ABOUT_RETURN_TYPE = YES_ERROR;
				GCC_WARN_UNDECLARED_SELECTOR = YES;
				GCC_WARN_UNINITIALIZED_AUTOS = YES_AGGRESSIVE;
				GCC_WARN_UNUSED_FUNCTION = YES;
				GCC_WARN_UNUSED_VARIABLE = YES;
				IPHONEOS_DEPLOYMENT_TARGET = 17.5;
				LOCALIZATION_PREFERS_STRING_CATALOGS = YES;
				MTL_ENABLE_DEBUG_INFO = INCLUDE_SOURCE;
				MTL_FAST_MATH = YES;
				ONLY_ACTIVE_ARCH = YES;
				SDKROOT = iphoneos;
				SWIFT_ACTIVE_COMPILATION_CONDITIONS = "DEBUG $(inherited)";
				SWIFT_OPTIMIZATION_LEVEL = "-Onone";
			};
			name = Debug;
		};
		AA3F04462C46B78F00B010D9 /* Release */ = {
			isa = XCBuildConfiguration;
			buildSettings = {
				ALWAYS_SEARCH_USER_PATHS = NO;
				ASSETCATALOG_COMPILER_GENERATE_SWIFT_ASSET_SYMBOL_EXTENSIONS = YES;
				CLANG_ANALYZER_NONNULL = YES;
				CLANG_ANALYZER_NUMBER_OBJECT_CONVERSION = YES_AGGRESSIVE;
				CLANG_CXX_LANGUAGE_STANDARD = "gnu++20";
				CLANG_ENABLE_MODULES = YES;
				CLANG_ENABLE_OBJC_ARC = YES;
				CLANG_ENABLE_OBJC_WEAK = YES;
				CLANG_WARN_BLOCK_CAPTURE_AUTORELEASING = YES;
				CLANG_WARN_BOOL_CONVERSION = YES;
				CLANG_WARN_COMMA = YES;
				CLANG_WARN_CONSTANT_CONVERSION = YES;
				CLANG_WARN_DEPRECATED_OBJC_IMPLEMENTATIONS = YES;
				CLANG_WARN_DIRECT_OBJC_ISA_USAGE = YES_ERROR;
				CLANG_WARN_DOCUMENTATION_COMMENTS = YES;
				CLANG_WARN_EMPTY_BODY = YES;
				CLANG_WARN_ENUM_CONVERSION = YES;
				CLANG_WARN_INFINITE_RECURSION = YES;
				CLANG_WARN_INT_CONVERSION = YES;
				CLANG_WARN_NON_LITERAL_NULL_CONVERSION = YES;
				CLANG_WARN_OBJC_IMPLICIT_RETAIN_SELF = YES;
				CLANG_WARN_OBJC_LITERAL_CONVERSION = YES;
				CLANG_WARN_OBJC_ROOT_CLASS = YES_ERROR;
				CLANG_WARN_QUOTED_INCLUDE_IN_FRAMEWORK_HEADER = YES;
				CLANG_WARN_RANGE_LOOP_ANALYSIS = YES;
				CLANG_WARN_STRICT_PROTOTYPES = YES;
				CLANG_WARN_SUSPICIOUS_MOVE = YES;
				CLANG_WARN_UNGUARDED_AVAILABILITY = YES_AGGRESSIVE;
				CLANG_WARN_UNREACHABLE_CODE = YES;
				CLANG_WARN__DUPLICATE_METHOD_MATCH = YES;
				COPY_PHASE_STRIP = NO;
				DEBUG_INFORMATION_FORMAT = "dwarf-with-dsym";
				ENABLE_NS_ASSERTIONS = NO;
				ENABLE_STRICT_OBJC_MSGSEND = YES;
				ENABLE_USER_SCRIPT_SANDBOXING = YES;
				GCC_C_LANGUAGE_STANDARD = gnu17;
				GCC_NO_COMMON_BLOCKS = YES;
				GCC_WARN_64_TO_32_BIT_CONVERSION = YES;
				GCC_WARN_ABOUT_RETURN_TYPE = YES_ERROR;
				GCC_WARN_UNDECLARED_SELECTOR = YES;
				GCC_WARN_UNINITIALIZED_AUTOS = YES_AGGRESSIVE;
				GCC_WARN_UNUSED_FUNCTION = YES;
				GCC_WARN_UNUSED_VARIABLE = YES;
				IPHONEOS_DEPLOYMENT_TARGET = 17.5;
				LOCALIZATION_PREFERS_STRING_CATALOGS = YES;
				MTL_ENABLE_DEBUG_INFO = NO;
				MTL_FAST_MATH = YES;
				SDKROOT = iphoneos;
				SWIFT_COMPILATION_MODE = wholemodule;
				VALIDATE_PRODUCT = YES;
			};
			name = Release;
		};
		AA3F04482C46B78F00B010D9 /* Debug */ = {
			isa = XCBuildConfiguration;
			buildSettings = {
				ASSETCATALOG_COMPILER_APPICON_NAME = AppIcon;
				ASSETCATALOG_COMPILER_GLOBAL_ACCENT_COLOR_NAME = AccentColor;
				CODE_SIGN_STYLE = Automatic;
				CURRENT_PROJECT_VERSION = 1;
				DEVELOPMENT_TEAM = 2MK43D3KDT;
				GENERATE_INFOPLIST_FILE = YES;
				INFOPLIST_FILE = Div/Info.plist;
				INFOPLIST_KEY_UIApplicationSupportsIndirectInputEvents = YES;
				INFOPLIST_KEY_UILaunchStoryboardName = LaunchScreen;
				INFOPLIST_KEY_UIMainStoryboardFile = Main;
				INFOPLIST_KEY_UISupportedInterfaceOrientations_iPad = "UIInterfaceOrientationPortrait UIInterfaceOrientationPortraitUpsideDown UIInterfaceOrientationLandscapeLeft UIInterfaceOrientationLandscapeRight";
				INFOPLIST_KEY_UISupportedInterfaceOrientations_iPhone = "UIInterfaceOrientationPortrait UIInterfaceOrientationLandscapeLeft UIInterfaceOrientationLandscapeRight";
				LD_RUNPATH_SEARCH_PATHS = (
					"$(inherited)",
					"@executable_path/Frameworks",
				);
				MARKETING_VERSION = 1.0;
				PRODUCT_BUNDLE_IDENTIFIER = marusak.christian.Div;
				PRODUCT_NAME = "$(TARGET_NAME)";
				SWIFT_EMIT_LOC_STRINGS = YES;
				SWIFT_VERSION = 5.0;
				TARGETED_DEVICE_FAMILY = "1,2";
			};
			name = Debug;
		};
		AA3F04492C46B78F00B010D9 /* Release */ = {
			isa = XCBuildConfiguration;
			buildSettings = {
				ASSETCATALOG_COMPILER_APPICON_NAME = AppIcon;
				ASSETCATALOG_COMPILER_GLOBAL_ACCENT_COLOR_NAME = AccentColor;
				CODE_SIGN_STYLE = Automatic;
				CURRENT_PROJECT_VERSION = 1;
				DEVELOPMENT_TEAM = 2MK43D3KDT;
				GENERATE_INFOPLIST_FILE = YES;
				INFOPLIST_FILE = Div/Info.plist;
				INFOPLIST_KEY_UIApplicationSupportsIndirectInputEvents = YES;
				INFOPLIST_KEY_UILaunchStoryboardName = LaunchScreen;
				INFOPLIST_KEY_UIMainStoryboardFile = Main;
				INFOPLIST_KEY_UISupportedInterfaceOrientations_iPad = "UIInterfaceOrientationPortrait UIInterfaceOrientationPortraitUpsideDown UIInterfaceOrientationLandscapeLeft UIInterfaceOrientationLandscapeRight";
				INFOPLIST_KEY_UISupportedInterfaceOrientations_iPhone = "UIInterfaceOrientationPortrait UIInterfaceOrientationLandscapeLeft UIInterfaceOrientationLandscapeRight";
				LD_RUNPATH_SEARCH_PATHS = (
					"$(inherited)",
					"@executable_path/Frameworks",
				);
				MARKETING_VERSION = 1.0;
				PRODUCT_BUNDLE_IDENTIFIER = marusak.christian.Div;
				PRODUCT_NAME = "$(TARGET_NAME)";
				SWIFT_EMIT_LOC_STRINGS = YES;
				SWIFT_VERSION = 5.0;
				TARGETED_DEVICE_FAMILY = "1,2";
			};
			name = Release;
		};
/* End XCBuildConfiguration section */

/* Begin XCConfigurationList section */
		AA3F042E2C46B78F00B010D9 /* Build configuration list for PBXProject "Div" */ = {
			isa = XCConfigurationList;
			buildConfigurations = (
				AA3F04452C46B78F00B010D9 /* Debug */,
				AA3F04462C46B78F00B010D9 /* Release */,
			);
			defaultConfigurationIsVisible = 0;
			defaultConfigurationName = Release;
		};
		AA3F04472C46B78F00B010D9 /* Build configuration list for PBXNativeTarget "Div" */ = {
			isa = XCConfigurationList;
			buildConfigurations = (
				AA3F04482C46B78F00B010D9 /* Debug */,
				AA3F04492C46B78F00B010D9 /* Release */,
			);
			defaultConfigurationIsVisible = 0;
			defaultConfigurationName = Release;
		};
/* End XCConfigurationList section */
	};
	rootObject = AA3F042B2C46B78F00B010D9 /* Project object */;
}
