// !$*UTF8*$!
{
	archiveVersion = 1;
	classes = {
	};
	objectVersion = 56;
	objects = {

/* Begin PBXBuildFile section */
		445B32A32B8C9A4E006AB596 /* DivApp.swift in Sources */ = {isa = PBXBuildFile; fileRef = 445B32A22B8C9A4E006AB596 /* DivApp.swift */; };
		445B32A52B8C9A4E006AB596 /* RootView.swift in Sources */ = {isa = PBXBuildFile; fileRef = 445B32A42B8C9A4E006AB596 /* RootView.swift */; };
		445B32A72B8C9A4F006AB596 /* Assets.xcassets in Resources */ = {isa = PBXBuildFile; fileRef = 445B32A62B8C9A4F006AB596 /* Assets.xcassets */; };
		445B32AA2B8C9A4F006AB596 /* Preview Assets.xcassets in Resources */ = {isa = PBXBuildFile; fileRef = 445B32A92B8C9A4F006AB596 /* Preview Assets.xcassets */; };
		44B096552B8F3A9400AA9125 /* Coordinator.swift in Sources */ = {isa = PBXBuildFile; fileRef = 44B096542B8F3A9400AA9125 /* Coordinator.swift */; };
		44B096572B8F3B7500AA9125 /* MoviesView.swift in Sources */ = {isa = PBXBuildFile; fileRef = 44B096562B8F3B7500AA9125 /* MoviesView.swift */; };
		44B096592B8F3B8300AA9125 /* BooksView.swift in Sources */ = {isa = PBXBuildFile; fileRef = 44B096582B8F3B8300AA9125 /* BooksView.swift */; };
		44B0965B2B8F3B9000AA9125 /* InfoView.swift in Sources */ = {isa = PBXBuildFile; fileRef = 44B0965A2B8F3B9000AA9125 /* InfoView.swift */; };
		44D2A2072B8F7449008977B6 /* RowScrollCardsView.swift in Sources */ = {isa = PBXBuildFile; fileRef = 44D2A2062B8F7449008977B6 /* RowScrollCardsView.swift */; };
		44DB98612B8CBE8000F443DA /* MainView.swift in Sources */ = {isa = PBXBuildFile; fileRef = 44DB98602B8CBE8000F443DA /* MainView.swift */; };
		44DB98642B8CC15A00F443DA /* CardView.swift in Sources */ = {isa = PBXBuildFile; fileRef = 44DB98632B8CC15A00F443DA /* CardView.swift */; };
		44FC4AD82B9F893200FFD287 /* GamesView.swift in Sources */ = {isa = PBXBuildFile; fileRef = 44FC4AD72B9F893200FFD287 /* GamesView.swift */; };
		44FC4ADA2B9F941B00FFD287 /* Div.swift in Sources */ = {isa = PBXBuildFile; fileRef = 44FC4AD92B9F941B00FFD287 /* Div.swift */; };
		AA4089AF2BDDB4A300F87E17 /* Book.swift in Sources */ = {isa = PBXBuildFile; fileRef = AA4089AE2BDDB4A300F87E17 /* Book.swift */; };
		AAA912732BE1996600E26129 /* Movie.swift in Sources */ = {isa = PBXBuildFile; fileRef = AAA912722BE1996600E26129 /* Movie.swift */; };
		AAFAFF992BDEC10400B9E948 /* APIManager.swift in Sources */ = {isa = PBXBuildFile; fileRef = AAFAFF982BDEC10400B9E948 /* APIManager.swift */; };
/* End PBXBuildFile section */

/* Begin PBXFileReference section */
		445B329F2B8C9A4E006AB596 /* Div.app */ = {isa = PBXFileReference; explicitFileType = wrapper.application; includeInIndex = 0; path = Div.app; sourceTree = BUILT_PRODUCTS_DIR; };
		445B32A22B8C9A4E006AB596 /* DivApp.swift */ = {isa = PBXFileReference; lastKnownFileType = sourcecode.swift; path = DivApp.swift; sourceTree = "<group>"; };
		445B32A42B8C9A4E006AB596 /* RootView.swift */ = {isa = PBXFileReference; lastKnownFileType = sourcecode.swift; path = RootView.swift; sourceTree = "<group>"; };
		445B32A62B8C9A4F006AB596 /* Assets.xcassets */ = {isa = PBXFileReference; lastKnownFileType = folder.assetcatalog; path = Assets.xcassets; sourceTree = "<group>"; };
		445B32A92B8C9A4F006AB596 /* Preview Assets.xcassets */ = {isa = PBXFileReference; lastKnownFileType = folder.assetcatalog; path = "Preview Assets.xcassets"; sourceTree = "<group>"; };
		44B096542B8F3A9400AA9125 /* Coordinator.swift */ = {isa = PBXFileReference; lastKnownFileType = sourcecode.swift; path = Coordinator.swift; sourceTree = "<group>"; };
		44B096562B8F3B7500AA9125 /* MoviesView.swift */ = {isa = PBXFileReference; lastKnownFileType = sourcecode.swift; path = MoviesView.swift; sourceTree = "<group>"; };
		44B096582B8F3B8300AA9125 /* BooksView.swift */ = {isa = PBXFileReference; lastKnownFileType = sourcecode.swift; path = BooksView.swift; sourceTree = "<group>"; };
		44B0965A2B8F3B9000AA9125 /* InfoView.swift */ = {isa = PBXFileReference; lastKnownFileType = sourcecode.swift; path = InfoView.swift; sourceTree = "<group>"; };
		44D2A2062B8F7449008977B6 /* RowScrollCardsView.swift */ = {isa = PBXFileReference; lastKnownFileType = sourcecode.swift; path = RowScrollCardsView.swift; sourceTree = "<group>"; };
		44DB98602B8CBE8000F443DA /* MainView.swift */ = {isa = PBXFileReference; lastKnownFileType = sourcecode.swift; path = MainView.swift; sourceTree = "<group>"; };
		44DB98632B8CC15A00F443DA /* CardView.swift */ = {isa = PBXFileReference; lastKnownFileType = sourcecode.swift; path = CardView.swift; sourceTree = "<group>"; };
		44FC4AD72B9F893200FFD287 /* GamesView.swift */ = {isa = PBXFileReference; lastKnownFileType = sourcecode.swift; path = GamesView.swift; sourceTree = "<group>"; };
		44FC4AD92B9F941B00FFD287 /* Div.swift */ = {isa = PBXFileReference; lastKnownFileType = sourcecode.swift; name = Div.swift; path = Div/Scene/Div.swift; sourceTree = SOURCE_ROOT; };
		AA4089AE2BDDB4A300F87E17 /* Book.swift */ = {isa = PBXFileReference; lastKnownFileType = sourcecode.swift; path = Book.swift; sourceTree = "<group>"; };
		AAA912722BE1996600E26129 /* Movie.swift */ = {isa = PBXFileReference; lastKnownFileType = sourcecode.swift; path = Movie.swift; sourceTree = "<group>"; };
		AAFAFF982BDEC10400B9E948 /* APIManager.swift */ = {isa = PBXFileReference; lastKnownFileType = sourcecode.swift; path = APIManager.swift; sourceTree = "<group>"; };
/* End PBXFileReference section */

/* Begin PBXFrameworksBuildPhase section */
		445B329C2B8C9A4E006AB596 /* Frameworks */ = {
			isa = PBXFrameworksBuildPhase;
			buildActionMask = 2147483647;
			files = (
			);
			runOnlyForDeploymentPostprocessing = 0;
		};
/* End PBXFrameworksBuildPhase section */

/* Begin PBXGroup section */
		445B32962B8C9A4E006AB596 = {
			isa = PBXGroup;
			children = (
				445B32A12B8C9A4E006AB596 /* Div */,
				445B32A02B8C9A4E006AB596 /* Products */,
			);
			sourceTree = "<group>";
		};
		445B32A02B8C9A4E006AB596 /* Products */ = {
			isa = PBXGroup;
			children = (
				445B329F2B8C9A4E006AB596 /* Div.app */,
			);
			name = Products;
			sourceTree = "<group>";
		};
		445B32A12B8C9A4E006AB596 /* Div */ = {
			isa = PBXGroup;
			children = (
				445B32A22B8C9A4E006AB596 /* DivApp.swift */,
				445B32A42B8C9A4E006AB596 /* RootView.swift */,
				44B096542B8F3A9400AA9125 /* Coordinator.swift */,
				44DB98622B8CC13C00F443DA /* Components */,
				44B28AD92B8CA13500674EC1 /* Scene */,
				44B28AD82B8CA12E00674EC1 /* Model */,
				445B32A62B8C9A4F006AB596 /* Assets.xcassets */,
				445B32A82B8C9A4F006AB596 /* Preview Content */,
			);
			path = Div;
			sourceTree = "<group>";
		};
		445B32A82B8C9A4F006AB596 /* Preview Content */ = {
			isa = PBXGroup;
			children = (
				445B32A92B8C9A4F006AB596 /* Preview Assets.xcassets */,
			);
			path = "Preview Content";
			sourceTree = "<group>";
		};
		44B28AD82B8CA12E00674EC1 /* Model */ = {
			isa = PBXGroup;
			children = (
				AA4089AE2BDDB4A300F87E17 /* Book.swift */,
				AAA912722BE1996600E26129 /* Movie.swift */,
				44FC4AD92B9F941B00FFD287 /* Div.swift */,
				AAFAFF982BDEC10400B9E948 /* APIManager.swift */,
			);
			path = Model;
			sourceTree = "<group>";
		};
		44B28AD92B8CA13500674EC1 /* Scene */ = {
			isa = PBXGroup;
			children = (
				44DB98602B8CBE8000F443DA /* MainView.swift */,
				44B096562B8F3B7500AA9125 /* MoviesView.swift */,
				44B096582B8F3B8300AA9125 /* BooksView.swift */,
				44FC4AD72B9F893200FFD287 /* GamesView.swift */,
				44B0965A2B8F3B9000AA9125 /* InfoView.swift */,
			);
			path = Scene;
			sourceTree = "<group>";
		};
		44DB98622B8CC13C00F443DA /* Components */ = {
			isa = PBXGroup;
			children = (
				44DB98632B8CC15A00F443DA /* CardView.swift */,
				44D2A2062B8F7449008977B6 /* RowScrollCardsView.swift */,
			);
			path = Components;
			sourceTree = "<group>";
		};
/* End PBXGroup section */

/* Begin PBXNativeTarget section */
		445B329E2B8C9A4E006AB596 /* Div */ = {
			isa = PBXNativeTarget;
			buildConfigurationList = 445B32AD2B8C9A4F006AB596 /* Build configuration list for PBXNativeTarget "Div" */;
			buildPhases = (
				445B329B2B8C9A4E006AB596 /* Sources */,
				445B329C2B8C9A4E006AB596 /* Frameworks */,
				445B329D2B8C9A4E006AB596 /* Resources */,
				445B32B02B8C9C19006AB596 /* ShellScript */,
			);
			buildRules = (
			);
			dependencies = (
			);
			name = Div;
			productName = Div;
			productReference = 445B329F2B8C9A4E006AB596 /* Div.app */;
			productType = "com.apple.product-type.application";
		};
/* End PBXNativeTarget section */

/* Begin PBXProject section */
		445B32972B8C9A4E006AB596 /* Project object */ = {
			isa = PBXProject;
			attributes = {
				BuildIndependentTargetsInParallel = 1;
				LastSwiftUpdateCheck = 1520;
				LastUpgradeCheck = 1520;
				TargetAttributes = {
					445B329E2B8C9A4E006AB596 = {
						CreatedOnToolsVersion = 15.2;
					};
				};
			};
			buildConfigurationList = 445B329A2B8C9A4E006AB596 /* Build configuration list for PBXProject "Div" */;
			compatibilityVersion = "Xcode 14.0";
			developmentRegion = en;
			hasScannedForEncodings = 0;
			knownRegions = (
				en,
				Base,
			);
			mainGroup = 445B32962B8C9A4E006AB596;
			productRefGroup = 445B32A02B8C9A4E006AB596 /* Products */;
			projectDirPath = "";
			projectRoot = "";
			targets = (
				445B329E2B8C9A4E006AB596 /* Div */,
			);
		};
/* End PBXProject section */

/* Begin PBXResourcesBuildPhase section */
		445B329D2B8C9A4E006AB596 /* Resources */ = {
			isa = PBXResourcesBuildPhase;
			buildActionMask = 2147483647;
			files = (
				445B32AA2B8C9A4F006AB596 /* Preview Assets.xcassets in Resources */,
				445B32A72B8C9A4F006AB596 /* Assets.xcassets in Resources */,
			);
			runOnlyForDeploymentPostprocessing = 0;
		};
/* End PBXResourcesBuildPhase section */

/* Begin PBXShellScriptBuildPhase section */
		445B32B02B8C9C19006AB596 /* ShellScript */ = {
			isa = PBXShellScriptBuildPhase;
			buildActionMask = 8;
			files = (
			);
			inputFileListPaths = (
			);
			inputPaths = (
			);
			outputFileListPaths = (
			);
			outputPaths = (
			);
			runOnlyForDeploymentPostprocessing = 1;
			shellPath = /bin/sh;
			shellScript = "# Adds support for Apple Silicon brew directory\n# export PATH=\"$PATH:/opt/homebrew/bin\"\n\nif which swiftlint >/dev/null; then\n   swiftlint #autocorrect --format\nelse\n  echo \"warning: SwiftLint not installed, download from https://github.com/realm/SwiftLint\"\nfi\n";
		};
/* End PBXShellScriptBuildPhase section */

/* Begin PBXSourcesBuildPhase section */
		445B329B2B8C9A4E006AB596 /* Sources */ = {
			isa = PBXSourcesBuildPhase;
			buildActionMask = 2147483647;
			files = (
				AAA912732BE1996600E26129 /* Movie.swift in Sources */,
				44B0965B2B8F3B9000AA9125 /* InfoView.swift in Sources */,
				44B096592B8F3B8300AA9125 /* BooksView.swift in Sources */,
				44FC4AD82B9F893200FFD287 /* GamesView.swift in Sources */,
				44D2A2072B8F7449008977B6 /* RowScrollCardsView.swift in Sources */,
				445B32A52B8C9A4E006AB596 /* RootView.swift in Sources */,
				44FC4ADA2B9F941B00FFD287 /* Div.swift in Sources */,
				44B096572B8F3B7500AA9125 /* MoviesView.swift in Sources */,
				44DB98612B8CBE8000F443DA /* MainView.swift in Sources */,
				AA4089AF2BDDB4A300F87E17 /* Book.swift in Sources */,
				44B096552B8F3A9400AA9125 /* Coordinator.swift in Sources */,
				AAFAFF992BDEC10400B9E948 /* APIManager.swift in Sources */,
				44DB98642B8CC15A00F443DA /* CardView.swift in Sources */,
				445B32A32B8C9A4E006AB596 /* DivApp.swift in Sources */,
			);
			runOnlyForDeploymentPostprocessing = 0;
		};
/* End PBXSourcesBuildPhase section */

/* Begin XCBuildConfiguration section */
		445B32AB2B8C9A4F006AB596 /* Debug */ = {
			isa = XCBuildConfiguration;
			buildSettings = {
				ALWAYS_SEARCH_USER_PATHS = NO;
				ASSETCATALOG_COMPILER_GENERATE_SWIFT_ASSET_SYMBOL_EXTENSIONS = YES;
				CLANG_ANALYZER_NONNULL = YES;
				CLANG_ANALYZER_NUMBER_OBJECT_CONVERSION = YES_AGGRESSIVE;
				CLANG_CXX_LANGUAGE_STANDARD = "gnu++20";
				CLANG_ENABLE_MODULES = YES;
				CLANG_ENABLE_OBJC_ARC = YES;
				CLANG_ENABLE_OBJC_WEAK = YES;
				CLANG_WARN_BLOCK_CAPTURE_AUTORELEASING = YES;
				CLANG_WARN_BOOL_CONVERSION = YES;
				CLANG_WARN_COMMA = YES;
				CLANG_WARN_CONSTANT_CONVERSION = YES;
				CLANG_WARN_DEPRECATED_OBJC_IMPLEMENTATIONS = YES;
				CLANG_WARN_DIRECT_OBJC_ISA_USAGE = YES_ERROR;
				CLANG_WARN_DOCUMENTATION_COMMENTS = YES;
				CLANG_WARN_EMPTY_BODY = YES;
				CLANG_WARN_ENUM_CONVERSION = YES;
				CLANG_WARN_INFINITE_RECURSION = YES;
				CLANG_WARN_INT_CONVERSION = YES;
				CLANG_WARN_NON_LITERAL_NULL_CONVERSION = YES;
				CLANG_WARN_OBJC_IMPLICIT_RETAIN_SELF = YES;
				CLANG_WARN_OBJC_LITERAL_CONVERSION = YES;
				CLANG_WARN_OBJC_ROOT_CLASS = YES_ERROR;
				CLANG_WARN_QUOTED_INCLUDE_IN_FRAMEWORK_HEADER = YES;
				CLANG_WARN_RANGE_LOOP_ANALYSIS = YES;
				CLANG_WARN_STRICT_PROTOTYPES = YES;
				CLANG_WARN_SUSPICIOUS_MOVE = YES;
				CLANG_WARN_UNGUARDED_AVAILABILITY = YES_AGGRESSIVE;
				CLANG_WARN_UNREACHABLE_CODE = YES;
				CLANG_WARN__DUPLICATE_METHOD_MATCH = YES;
				COPY_PHASE_STRIP = NO;
				DEBUG_INFORMATION_FORMAT = dwarf;
				ENABLE_STRICT_OBJC_MSGSEND = YES;
				ENABLE_TESTABILITY = YES;
				ENABLE_USER_SCRIPT_SANDBOXING = YES;
				GCC_C_LANGUAGE_STANDARD = gnu17;
				GCC_DYNAMIC_NO_PIC = NO;
				GCC_NO_COMMON_BLOCKS = YES;
				GCC_OPTIMIZATION_LEVEL = 0;
				GCC_PREPROCESSOR_DEFINITIONS = (
					"DEBUG=1",
					"$(inherited)",
				);
				GCC_WARN_64_TO_32_BIT_CONVERSION = YES;
				GCC_WARN_ABOUT_RETURN_TYPE = YES_ERROR;
				GCC_WARN_UNDECLARED_SELECTOR = YES;
				GCC_WARN_UNINITIALIZED_AUTOS = YES_AGGRESSIVE;
				GCC_WARN_UNUSED_FUNCTION = YES;
				GCC_WARN_UNUSED_VARIABLE = YES;
				IPHONEOS_DEPLOYMENT_TARGET = 15.0;
				LOCALIZATION_PREFERS_STRING_CATALOGS = YES;
				MTL_ENABLE_DEBUG_INFO = INCLUDE_SOURCE;
				MTL_FAST_MATH = YES;
				ONLY_ACTIVE_ARCH = YES;
				SDKROOT = iphoneos;
				SWIFT_ACTIVE_COMPILATION_CONDITIONS = "DEBUG $(inherited)";
				SWIFT_OPTIMIZATION_LEVEL = "-Onone";
			};
			name = Debug;
		};
		445B32AC2B8C9A4F006AB596 /* Release */ = {
			isa = XCBuildConfiguration;
			buildSettings = {
				ALWAYS_SEARCH_USER_PATHS = NO;
				ASSETCATALOG_COMPILER_GENERATE_SWIFT_ASSET_SYMBOL_EXTENSIONS = YES;
				CLANG_ANALYZER_NONNULL = YES;
				CLANG_ANALYZER_NUMBER_OBJECT_CONVERSION = YES_AGGRESSIVE;
				CLANG_CXX_LANGUAGE_STANDARD = "gnu++20";
				CLANG_ENABLE_MODULES = YES;
				CLANG_ENABLE_OBJC_ARC = YES;
				CLANG_ENABLE_OBJC_WEAK = YES;
				CLANG_WARN_BLOCK_CAPTURE_AUTORELEASING = YES;
				CLANG_WARN_BOOL_CONVERSION = YES;
				CLANG_WARN_COMMA = YES;
				CLANG_WARN_CONSTANT_CONVERSION = YES;
				CLANG_WARN_DEPRECATED_OBJC_IMPLEMENTATIONS = YES;
				CLANG_WARN_DIRECT_OBJC_ISA_USAGE = YES_ERROR;
				CLANG_WARN_DOCUMENTATION_COMMENTS = YES;
				CLANG_WARN_EMPTY_BODY = YES;
				CLANG_WARN_ENUM_CONVERSION = YES;
				CLANG_WARN_INFINITE_RECURSION = YES;
				CLANG_WARN_INT_CONVERSION = YES;
				CLANG_WARN_NON_LITERAL_NULL_CONVERSION = YES;
				CLANG_WARN_OBJC_IMPLICIT_RETAIN_SELF = YES;
				CLANG_WARN_OBJC_LITERAL_CONVERSION = YES;
				CLANG_WARN_OBJC_ROOT_CLASS = YES_ERROR;
				CLANG_WARN_QUOTED_INCLUDE_IN_FRAMEWORK_HEADER = YES;
				CLANG_WARN_RANGE_LOOP_ANALYSIS = YES;
				CLANG_WARN_STRICT_PROTOTYPES = YES;
				CLANG_WARN_SUSPICIOUS_MOVE = YES;
				CLANG_WARN_UNGUARDED_AVAILABILITY = YES_AGGRESSIVE;
				CLANG_WARN_UNREACHABLE_CODE = YES;
				CLANG_WARN__DUPLICATE_METHOD_MATCH = YES;
				COPY_PHASE_STRIP = NO;
				DEBUG_INFORMATION_FORMAT = "dwarf-with-dsym";
				ENABLE_NS_ASSERTIONS = NO;
				ENABLE_STRICT_OBJC_MSGSEND = YES;
				ENABLE_USER_SCRIPT_SANDBOXING = YES;
				GCC_C_LANGUAGE_STANDARD = gnu17;
				GCC_NO_COMMON_BLOCKS = YES;
				GCC_WARN_64_TO_32_BIT_CONVERSION = YES;
				GCC_WARN_ABOUT_RETURN_TYPE = YES_ERROR;
				GCC_WARN_UNDECLARED_SELECTOR = YES;
				GCC_WARN_UNINITIALIZED_AUTOS = YES_AGGRESSIVE;
				GCC_WARN_UNUSED_FUNCTION = YES;
				GCC_WARN_UNUSED_VARIABLE = YES;
				IPHONEOS_DEPLOYMENT_TARGET = 15.0;
				LOCALIZATION_PREFERS_STRING_CATALOGS = YES;
				MTL_ENABLE_DEBUG_INFO = NO;
				MTL_FAST_MATH = YES;
				SDKROOT = iphoneos;
				SWIFT_COMPILATION_MODE = wholemodule;
				VALIDATE_PRODUCT = YES;
			};
			name = Release;
		};
		445B32AE2B8C9A4F006AB596 /* Debug */ = {
			isa = XCBuildConfiguration;
			buildSettings = {
				ASSETCATALOG_COMPILER_APPICON_NAME = AppIcon;
				ASSETCATALOG_COMPILER_GLOBAL_ACCENT_COLOR_NAME = AccentColor;
				CODE_SIGN_STYLE = Automatic;
				CURRENT_PROJECT_VERSION = 1;
				DEVELOPMENT_ASSET_PATHS = "\"Div/Preview Content\"";
				DEVELOPMENT_TEAM = 2MK43D3KDT;
				ENABLE_PREVIEWS = YES;
				ENABLE_USER_SCRIPT_SANDBOXING = NO;
				GENERATE_INFOPLIST_FILE = YES;
				INFOPLIST_KEY_UIApplicationSceneManifest_Generation = YES;
				INFOPLIST_KEY_UIApplicationSupportsIndirectInputEvents = YES;
				INFOPLIST_KEY_UILaunchScreen_Generation = YES;
				INFOPLIST_KEY_UISupportedInterfaceOrientations_iPad = "UIInterfaceOrientationPortrait UIInterfaceOrientationPortraitUpsideDown UIInterfaceOrientationLandscapeLeft UIInterfaceOrientationLandscapeRight";
				INFOPLIST_KEY_UISupportedInterfaceOrientations_iPhone = "UIInterfaceOrientationPortrait UIInterfaceOrientationLandscapeLeft UIInterfaceOrientationLandscapeRight";
				IPHONEOS_DEPLOYMENT_TARGET = 16.0;
				LD_RUNPATH_SEARCH_PATHS = (
					"$(inherited)",
					"@executable_path/Frameworks",
				);
				MARKETING_VERSION = 1.0;
				PRODUCT_BUNDLE_IDENTIFIER = com.christian.Div;
				PRODUCT_NAME = "$(TARGET_NAME)";
				SWIFT_EMIT_LOC_STRINGS = YES;
				SWIFT_VERSION = 5.0;
				TARGETED_DEVICE_FAMILY = "1,2";
			};
			name = Debug;
		};
		445B32AF2B8C9A4F006AB596 /* Release */ = {
			isa = XCBuildConfiguration;
			buildSettings = {
				ASSETCATALOG_COMPILER_APPICON_NAME = AppIcon;
				ASSETCATALOG_COMPILER_GLOBAL_ACCENT_COLOR_NAME = AccentColor;
				CODE_SIGN_STYLE = Automatic;
				CURRENT_PROJECT_VERSION = 1;
				DEVELOPMENT_ASSET_PATHS = "\"Div/Preview Content\"";
				DEVELOPMENT_TEAM = 2MK43D3KDT;
				ENABLE_PREVIEWS = YES;
				ENABLE_USER_SCRIPT_SANDBOXING = NO;
				GENERATE_INFOPLIST_FILE = YES;
				INFOPLIST_KEY_UIApplicationSceneManifest_Generation = YES;
				INFOPLIST_KEY_UIApplicationSupportsIndirectInputEvents = YES;
				INFOPLIST_KEY_UILaunchScreen_Generation = YES;
				INFOPLIST_KEY_UISupportedInterfaceOrientations_iPad = "UIInterfaceOrientationPortrait UIInterfaceOrientationPortraitUpsideDown UIInterfaceOrientationLandscapeLeft UIInterfaceOrientationLandscapeRight";
				INFOPLIST_KEY_UISupportedInterfaceOrientations_iPhone = "UIInterfaceOrientationPortrait UIInterfaceOrientationLandscapeLeft UIInterfaceOrientationLandscapeRight";
				IPHONEOS_DEPLOYMENT_TARGET = 16.0;
				LD_RUNPATH_SEARCH_PATHS = (
					"$(inherited)",
					"@executable_path/Frameworks",
				);
				MARKETING_VERSION = 1.0;
				PRODUCT_BUNDLE_IDENTIFIER = com.christian.Div;
				PRODUCT_NAME = "$(TARGET_NAME)";
				SWIFT_EMIT_LOC_STRINGS = YES;
				SWIFT_VERSION = 5.0;
				TARGETED_DEVICE_FAMILY = "1,2";
			};
			name = Release;
		};
/* End XCBuildConfiguration section */

/* Begin XCConfigurationList section */
		445B329A2B8C9A4E006AB596 /* Build configuration list for PBXProject "Div" */ = {
			isa = XCConfigurationList;
			buildConfigurations = (
				445B32AB2B8C9A4F006AB596 /* Debug */,
				445B32AC2B8C9A4F006AB596 /* Release */,
			);
			defaultConfigurationIsVisible = 0;
			defaultConfigurationName = Release;
		};
		445B32AD2B8C9A4F006AB596 /* Build configuration list for PBXNativeTarget "Div" */ = {
			isa = XCConfigurationList;
			buildConfigurations = (
				445B32AE2B8C9A4F006AB596 /* Debug */,
				445B32AF2B8C9A4F006AB596 /* Release */,
			);
			defaultConfigurationIsVisible = 0;
			defaultConfigurationName = Release;
		};
/* End XCConfigurationList section */
	};
	rootObject = 445B32972B8C9A4E006AB596 /* Project object */;
}
